
Microsoft Visual Studio Solution File, Format Version 12.00
# Visual Studio Version 16
VisualStudioVersion = 16.0.30011.22
MinimumVisualStudioVersion = 10.0.40219.1
Project("{FAE04EC0-301F-11D3-BF4B-00C04F79EFBC}") = "NUnitTestProject1", "NUnitTestProject1\NUnitTestProject1.csproj", "{FAEAFF95-6BE9-4161-B852-C2EA038A6D37}"
EndProject
Global
	GlobalSection(SolutionConfigurationPlatforms) = preSolution
		Debug|Any CPU = Debug|Any CPU
		Release|Any CPU = Release|Any CPU
	EndGlobalSection
	GlobalSection(ProjectConfigurationPlatforms) = postSolution
		{FAEAFF95-6BE9-4161-B852-C2EA038A6D37}.Debug|Any CPU.ActiveCfg = Debug|Any CPU
		{FAEAFF95-6BE9-4161-B852-C2EA038A6D37}.Debug|Any CPU.Build.0 = Debug|Any CPU
		{FAEAFF95-6BE9-4161-B852-C2EA038A6D37}.Release|Any CPU.ActiveCfg = Release|Any CPU
		{FAEAFF95-6BE9-4161-B852-C2EA038A6D37}.Release|Any CPU.Build.0 = Release|Any CPU
	EndGlobalSection
	GlobalSection(SolutionProperties) = preSolution
		HideSolutionNode = FALSE
	EndGlobalSection
	GlobalSection(ExtensibilityGlobals) = postSolution
		SolutionGuid = {18A61F1B-C63C-4827-8769-A90A85C41FF9}
	EndGlobalSection
EndGlobal
